
Microsoft Visual Studio Solution File, Format Version 12.00
# Visual Studio 15
VisualStudioVersion = 15.0.26228.9
MinimumVisualStudioVersion = 10.0.40219.1
Project("{FAE04EC0-301F-11D3-BF4B-00C04F79EFBC}") = "devcon_client", "devcon-client\devcon_client\devcon_client.csproj", "{69979A6F-ECEA-4FF9-A57F-7F6F50A4A998}"
EndProject
Project("{FAE04EC0-301F-11D3-BF4B-00C04F79EFBC}") = "devcon_client.Android", "devcon-client\devcon_client.Android\devcon_client.Android.csproj", "{16179667-9982-4CC0-9280-9BCA64C0A814}"
EndProject
Project("{FAE04EC0-301F-11D3-BF4B-00C04F79EFBC}") = "devcon_client.iOS", "devcon-client\devcon_client.iOS\devcon_client.iOS.csproj", "{09A5C864-4896-40A5-813B-F20FBAF77520}"
EndProject
Project("{FAE04EC0-301F-11D3-BF4B-00C04F79EFBC}") = "devcon_client.UWP", "devcon-client\devcon_client.UWP\devcon_client.UWP.csproj", "{3769D040-EAD8-4858-A557-694FFD33A25C}"
EndProject
Project("{FAE04EC0-301F-11D3-BF4B-00C04F79EFBC}") = "devcon_client.MobileAppService", "devcon-client\devcon_client.MobileAppService\devcon_client.MobileAppService.csproj", "{84AC933E-0578-4B45-8921-ADE7FD6325EA}"
EndProject
Global
	GlobalSection(SolutionConfigurationPlatforms) = preSolution
		Debug|Any CPU = Debug|Any CPU
		Debug|ARM = Debug|ARM
		Debug|iPhone = Debug|iPhone
		Debug|iPhoneSimulator = Debug|iPhoneSimulator
		Debug|x64 = Debug|x64
		Debug|x86 = Debug|x86
		Release|Any CPU = Release|Any CPU
		Release|ARM = Release|ARM
		Release|iPhone = Release|iPhone
		Release|iPhoneSimulator = Release|iPhoneSimulator
		Release|x64 = Release|x64
		Release|x86 = Release|x86
	EndGlobalSection
	GlobalSection(ProjectConfigurationPlatforms) = postSolution
		{69979A6F-ECEA-4FF9-A57F-7F6F50A4A998}.Debug|Any CPU.ActiveCfg = Debug|Any CPU
		{69979A6F-ECEA-4FF9-A57F-7F6F50A4A998}.Debug|Any CPU.Build.0 = Debug|Any CPU
		{69979A6F-ECEA-4FF9-A57F-7F6F50A4A998}.Debug|ARM.ActiveCfg = Debug|Any CPU
		{69979A6F-ECEA-4FF9-A57F-7F6F50A4A998}.Debug|ARM.Build.0 = Debug|Any CPU
		{69979A6F-ECEA-4FF9-A57F-7F6F50A4A998}.Debug|iPhone.ActiveCfg = Debug|Any CPU
		{69979A6F-ECEA-4FF9-A57F-7F6F50A4A998}.Debug|iPhone.Build.0 = Debug|Any CPU
		{69979A6F-ECEA-4FF9-A57F-7F6F50A4A998}.Debug|iPhoneSimulator.ActiveCfg = Debug|Any CPU
		{69979A6F-ECEA-4FF9-A57F-7F6F50A4A998}.Debug|iPhoneSimulator.Build.0 = Debug|Any CPU
		{69979A6F-ECEA-4FF9-A57F-7F6F50A4A998}.Debug|x64.ActiveCfg = Debug|Any CPU
		{69979A6F-ECEA-4FF9-A57F-7F6F50A4A998}.Debug|x64.Build.0 = Debug|Any CPU
		{69979A6F-ECEA-4FF9-A57F-7F6F50A4A998}.Debug|x86.ActiveCfg = Debug|Any CPU
		{69979A6F-ECEA-4FF9-A57F-7F6F50A4A998}.Debug|x86.Build.0 = Debug|Any CPU
		{69979A6F-ECEA-4FF9-A57F-7F6F50A4A998}.Release|Any CPU.ActiveCfg = Release|Any CPU
		{69979A6F-ECEA-4FF9-A57F-7F6F50A4A998}.Release|Any CPU.Build.0 = Release|Any CPU
		{69979A6F-ECEA-4FF9-A57F-7F6F50A4A998}.Release|ARM.ActiveCfg = Release|Any CPU
		{69979A6F-ECEA-4FF9-A57F-7F6F50A4A998}.Release|ARM.Build.0 = Release|Any CPU
		{69979A6F-ECEA-4FF9-A57F-7F6F50A4A998}.Release|iPhone.ActiveCfg = Release|Any CPU
		{69979A6F-ECEA-4FF9-A57F-7F6F50A4A998}.Release|iPhone.Build.0 = Release|Any CPU
		{69979A6F-ECEA-4FF9-A57F-7F6F50A4A998}.Release|iPhoneSimulator.ActiveCfg = Release|Any CPU
		{69979A6F-ECEA-4FF9-A57F-7F6F50A4A998}.Release|iPhoneSimulator.Build.0 = Release|Any CPU
		{69979A6F-ECEA-4FF9-A57F-7F6F50A4A998}.Release|x64.ActiveCfg = Release|Any CPU
		{69979A6F-ECEA-4FF9-A57F-7F6F50A4A998}.Release|x64.Build.0 = Release|Any CPU
		{69979A6F-ECEA-4FF9-A57F-7F6F50A4A998}.Release|x86.ActiveCfg = Release|Any CPU
		{69979A6F-ECEA-4FF9-A57F-7F6F50A4A998}.Release|x86.Build.0 = Release|Any CPU
		{16179667-9982-4CC0-9280-9BCA64C0A814}.Debug|Any CPU.ActiveCfg = Debug|Any CPU
		{16179667-9982-4CC0-9280-9BCA64C0A814}.Debug|Any CPU.Build.0 = Debug|Any CPU
		{16179667-9982-4CC0-9280-9BCA64C0A814}.Debug|Any CPU.Deploy.0 = Debug|Any CPU
		{16179667-9982-4CC0-9280-9BCA64C0A814}.Debug|ARM.ActiveCfg = Debug|Any CPU
		{16179667-9982-4CC0-9280-9BCA64C0A814}.Debug|ARM.Build.0 = Debug|Any CPU
		{16179667-9982-4CC0-9280-9BCA64C0A814}.Debug|ARM.Deploy.0 = Debug|Any CPU
		{16179667-9982-4CC0-9280-9BCA64C0A814}.Debug|iPhone.ActiveCfg = Debug|Any CPU
		{16179667-9982-4CC0-9280-9BCA64C0A814}.Debug|iPhone.Build.0 = Debug|Any CPU
		{16179667-9982-4CC0-9280-9BCA64C0A814}.Debug|iPhone.Deploy.0 = Debug|Any CPU
		{16179667-9982-4CC0-9280-9BCA64C0A814}.Debug|iPhoneSimulator.ActiveCfg = Debug|Any CPU
		{16179667-9982-4CC0-9280-9BCA64C0A814}.Debug|iPhoneSimulator.Build.0 = Debug|Any CPU
		{16179667-9982-4CC0-9280-9BCA64C0A814}.Debug|iPhoneSimulator.Deploy.0 = Debug|Any CPU
		{16179667-9982-4CC0-9280-9BCA64C0A814}.Debug|x64.ActiveCfg = Debug|Any CPU
		{16179667-9982-4CC0-9280-9BCA64C0A814}.Debug|x64.Build.0 = Debug|Any CPU
		{16179667-9982-4CC0-9280-9BCA64C0A814}.Debug|x64.Deploy.0 = Debug|Any CPU
		{16179667-9982-4CC0-9280-9BCA64C0A814}.Debug|x86.ActiveCfg = Debug|Any CPU
		{16179667-9982-4CC0-9280-9BCA64C0A814}.Debug|x86.Build.0 = Debug|Any CPU
		{16179667-9982-4CC0-9280-9BCA64C0A814}.Debug|x86.Deploy.0 = Debug|Any CPU
		{16179667-9982-4CC0-9280-9BCA64C0A814}.Release|Any CPU.ActiveCfg = Release|Any CPU
		{16179667-9982-4CC0-9280-9BCA64C0A814}.Release|Any CPU.Build.0 = Release|Any CPU
		{16179667-9982-4CC0-9280-9BCA64C0A814}.Release|Any CPU.Deploy.0 = Release|Any CPU
		{16179667-9982-4CC0-9280-9BCA64C0A814}.Release|ARM.ActiveCfg = Release|Any CPU
		{16179667-9982-4CC0-9280-9BCA64C0A814}.Release|ARM.Build.0 = Release|Any CPU
		{16179667-9982-4CC0-9280-9BCA64C0A814}.Release|ARM.Deploy.0 = Release|Any CPU
		{16179667-9982-4CC0-9280-9BCA64C0A814}.Release|iPhone.ActiveCfg = Release|Any CPU
		{16179667-9982-4CC0-9280-9BCA64C0A814}.Release|iPhone.Build.0 = Release|Any CPU
		{16179667-9982-4CC0-9280-9BCA64C0A814}.Release|iPhone.Deploy.0 = Release|Any CPU
		{16179667-9982-4CC0-9280-9BCA64C0A814}.Release|iPhoneSimulator.ActiveCfg = Release|Any CPU
		{16179667-9982-4CC0-9280-9BCA64C0A814}.Release|iPhoneSimulator.Build.0 = Release|Any CPU
		{16179667-9982-4CC0-9280-9BCA64C0A814}.Release|iPhoneSimulator.Deploy.0 = Release|Any CPU
		{16179667-9982-4CC0-9280-9BCA64C0A814}.Release|x64.ActiveCfg = Release|Any CPU
		{16179667-9982-4CC0-9280-9BCA64C0A814}.Release|x64.Build.0 = Release|Any CPU
		{16179667-9982-4CC0-9280-9BCA64C0A814}.Release|x64.Deploy.0 = Release|Any CPU
		{16179667-9982-4CC0-9280-9BCA64C0A814}.Release|x86.ActiveCfg = Release|Any CPU
		{16179667-9982-4CC0-9280-9BCA64C0A814}.Release|x86.Build.0 = Release|Any CPU
		{16179667-9982-4CC0-9280-9BCA64C0A814}.Release|x86.Deploy.0 = Release|Any CPU
		{09A5C864-4896-40A5-813B-F20FBAF77520}.Debug|Any CPU.ActiveCfg = Debug|iPhone
		{09A5C864-4896-40A5-813B-F20FBAF77520}.Debug|ARM.ActiveCfg = Debug|iPhone
		{09A5C864-4896-40A5-813B-F20FBAF77520}.Debug|iPhone.ActiveCfg = Debug|iPhone
		{09A5C864-4896-40A5-813B-F20FBAF77520}.Debug|iPhone.Build.0 = Debug|iPhone
		{09A5C864-4896-40A5-813B-F20FBAF77520}.Debug|iPhoneSimulator.ActiveCfg = Debug|iPhoneSimulator
		{09A5C864-4896-40A5-813B-F20FBAF77520}.Debug|iPhoneSimulator.Build.0 = Debug|iPhoneSimulator
		{09A5C864-4896-40A5-813B-F20FBAF77520}.Debug|x64.ActiveCfg = Debug|iPhone
		{09A5C864-4896-40A5-813B-F20FBAF77520}.Debug|x86.ActiveCfg = Debug|iPhone
		{09A5C864-4896-40A5-813B-F20FBAF77520}.Release|Any CPU.ActiveCfg = Release|iPhone
		{09A5C864-4896-40A5-813B-F20FBAF77520}.Release|ARM.ActiveCfg = Release|iPhone
		{09A5C864-4896-40A5-813B-F20FBAF77520}.Release|iPhone.ActiveCfg = Release|iPhone
		{09A5C864-4896-40A5-813B-F20FBAF77520}.Release|iPhone.Build.0 = Release|iPhone
		{09A5C864-4896-40A5-813B-F20FBAF77520}.Release|iPhoneSimulator.ActiveCfg = Release|iPhoneSimulator
		{09A5C864-4896-40A5-813B-F20FBAF77520}.Release|iPhoneSimulator.Build.0 = Release|iPhoneSimulator
		{09A5C864-4896-40A5-813B-F20FBAF77520}.Release|x64.ActiveCfg = Release|iPhone
		{09A5C864-4896-40A5-813B-F20FBAF77520}.Release|x86.ActiveCfg = Release|iPhone
		{3769D040-EAD8-4858-A557-694FFD33A25C}.Debug|Any CPU.ActiveCfg = Debug|x86
		{3769D040-EAD8-4858-A557-694FFD33A25C}.Debug|ARM.ActiveCfg = Debug|ARM
		{3769D040-EAD8-4858-A557-694FFD33A25C}.Debug|ARM.Build.0 = Debug|ARM
		{3769D040-EAD8-4858-A557-694FFD33A25C}.Debug|ARM.Deploy.0 = Debug|ARM
		{3769D040-EAD8-4858-A557-694FFD33A25C}.Debug|iPhone.ActiveCfg = Debug|x86
		{3769D040-EAD8-4858-A557-694FFD33A25C}.Debug|iPhoneSimulator.ActiveCfg = Debug|x86
		{3769D040-EAD8-4858-A557-694FFD33A25C}.Debug|x64.ActiveCfg = Debug|x64
		{3769D040-EAD8-4858-A557-694FFD33A25C}.Debug|x64.Build.0 = Debug|x64
		{3769D040-EAD8-4858-A557-694FFD33A25C}.Debug|x64.Deploy.0 = Debug|x64
		{3769D040-EAD8-4858-A557-694FFD33A25C}.Debug|x86.ActiveCfg = Debug|x86
		{3769D040-EAD8-4858-A557-694FFD33A25C}.Debug|x86.Build.0 = Debug|x86
		{3769D040-EAD8-4858-A557-694FFD33A25C}.Debug|x86.Deploy.0 = Debug|x86
		{3769D040-EAD8-4858-A557-694FFD33A25C}.Release|Any CPU.ActiveCfg = Release|x86
		{3769D040-EAD8-4858-A557-694FFD33A25C}.Release|ARM.ActiveCfg = Release|ARM
		{3769D040-EAD8-4858-A557-694FFD33A25C}.Release|ARM.Build.0 = Release|ARM
		{3769D040-EAD8-4858-A557-694FFD33A25C}.Release|ARM.Deploy.0 = Release|ARM
		{3769D040-EAD8-4858-A557-694FFD33A25C}.Release|iPhone.ActiveCfg = Release|x86
		{3769D040-EAD8-4858-A557-694FFD33A25C}.Release|iPhoneSimulator.ActiveCfg = Release|x86
		{3769D040-EAD8-4858-A557-694FFD33A25C}.Release|x64.ActiveCfg = Release|x64
		{3769D040-EAD8-4858-A557-694FFD33A25C}.Release|x64.Build.0 = Release|x64
		{3769D040-EAD8-4858-A557-694FFD33A25C}.Release|x64.Deploy.0 = Release|x64
		{3769D040-EAD8-4858-A557-694FFD33A25C}.Release|x86.ActiveCfg = Release|x86
		{3769D040-EAD8-4858-A557-694FFD33A25C}.Release|x86.Build.0 = Release|x86
		{3769D040-EAD8-4858-A557-694FFD33A25C}.Release|x86.Deploy.0 = Release|x86
		{84AC933E-0578-4B45-8921-ADE7FD6325EA}.Debug|Any CPU.ActiveCfg = Debug|Any CPU
		{84AC933E-0578-4B45-8921-ADE7FD6325EA}.Debug|Any CPU.Build.0 = Debug|Any CPU
		{84AC933E-0578-4B45-8921-ADE7FD6325EA}.Debug|ARM.ActiveCfg = Debug|Any CPU
		{84AC933E-0578-4B45-8921-ADE7FD6325EA}.Debug|ARM.Build.0 = Debug|Any CPU
		{84AC933E-0578-4B45-8921-ADE7FD6325EA}.Debug|iPhone.ActiveCfg = Debug|Any CPU
		{84AC933E-0578-4B45-8921-ADE7FD6325EA}.Debug|iPhone.Build.0 = Debug|Any CPU
		{84AC933E-0578-4B45-8921-ADE7FD6325EA}.Debug|iPhoneSimulator.ActiveCfg = Debug|Any CPU
		{84AC933E-0578-4B45-8921-ADE7FD6325EA}.Debug|iPhoneSimulator.Build.0 = Debug|Any CPU
		{84AC933E-0578-4B45-8921-ADE7FD6325EA}.Debug|x64.ActiveCfg = Debug|Any CPU
		{84AC933E-0578-4B45-8921-ADE7FD6325EA}.Debug|x64.Build.0 = Debug|Any CPU
		{84AC933E-0578-4B45-8921-ADE7FD6325EA}.Debug|x86.ActiveCfg = Debug|Any CPU
		{84AC933E-0578-4B45-8921-ADE7FD6325EA}.Debug|x86.Build.0 = Debug|Any CPU
		{84AC933E-0578-4B45-8921-ADE7FD6325EA}.Release|Any CPU.ActiveCfg = Release|Any CPU
		{84AC933E-0578-4B45-8921-ADE7FD6325EA}.Release|Any CPU.Build.0 = Release|Any CPU
		{84AC933E-0578-4B45-8921-ADE7FD6325EA}.Release|ARM.ActiveCfg = Release|Any CPU
		{84AC933E-0578-4B45-8921-ADE7FD6325EA}.Release|ARM.Build.0 = Release|Any CPU
		{84AC933E-0578-4B45-8921-ADE7FD6325EA}.Release|iPhone.ActiveCfg = Release|Any CPU
		{84AC933E-0578-4B45-8921-ADE7FD6325EA}.Release|iPhone.Build.0 = Release|Any CPU
		{84AC933E-0578-4B45-8921-ADE7FD6325EA}.Release|iPhoneSimulator.ActiveCfg = Release|Any CPU
		{84AC933E-0578-4B45-8921-ADE7FD6325EA}.Release|iPhoneSimulator.Build.0 = Release|Any CPU
		{84AC933E-0578-4B45-8921-ADE7FD6325EA}.Release|x64.ActiveCfg = Release|Any CPU
		{84AC933E-0578-4B45-8921-ADE7FD6325EA}.Release|x64.Build.0 = Release|Any CPU
		{84AC933E-0578-4B45-8921-ADE7FD6325EA}.Release|x86.ActiveCfg = Release|Any CPU
		{84AC933E-0578-4B45-8921-ADE7FD6325EA}.Release|x86.Build.0 = Release|Any CPU
	EndGlobalSection
	GlobalSection(SolutionProperties) = preSolution
		HideSolutionNode = FALSE
	EndGlobalSection
EndGlobal
